// !$*UTF8*$!
{
	archiveVersion = 1;
	classes = {
	};
	objectVersion = 55;
	objects = {

/* Begin PBXBuildFile section */
		90D4F2932831DEF6003B7048 /* HuddleLandingPageWithAlternatingFeatureBlocksApp.swift in Sources */ = {isa = PBXBuildFile; fileRef = 90D4F2832831DEF5003B7048 /* HuddleLandingPageWithAlternatingFeatureBlocksApp.swift */; };
		90D4F2942831DEF6003B7048 /* HuddleLandingPageWithAlternatingFeatureBlocksApp.swift in Sources */ = {isa = PBXBuildFile; fileRef = 90D4F2832831DEF5003B7048 /* HuddleLandingPageWithAlternatingFeatureBlocksApp.swift */; };
		90D4F2952831DEF6003B7048 /* ContentView.swift in Sources */ = {isa = PBXBuildFile; fileRef = 90D4F2842831DEF5003B7048 /* ContentView.swift */; };
		90D4F2962831DEF6003B7048 /* ContentView.swift in Sources */ = {isa = PBXBuildFile; fileRef = 90D4F2842831DEF5003B7048 /* ContentView.swift */; };
		90D4F2972831DEF6003B7048 /* Assets.xcassets in Resources */ = {isa = PBXBuildFile; fileRef = 90D4F2852831DEF6003B7048 /* Assets.xcassets */; };
		90D4F2982831DEF6003B7048 /* Assets.xcassets in Resources */ = {isa = PBXBuildFile; fileRef = 90D4F2852831DEF6003B7048 /* Assets.xcassets */; };
		90D4F2A52831E159003B7048 /* HeaderView.swift in Sources */ = {isa = PBXBuildFile; fileRef = 90D4F2A42831E159003B7048 /* HeaderView.swift */; };
		90D4F2A72831E16A003B7048 /* HeaderBackgroundView.swift in Sources */ = {isa = PBXBuildFile; fileRef = 90D4F2A62831E16A003B7048 /* HeaderBackgroundView.swift */; };
		90D4F2A92831E1FE003B7048 /* HeaderContentView.swift in Sources */ = {isa = PBXBuildFile; fileRef = 90D4F2A82831E1FE003B7048 /* HeaderContentView.swift */; };
		90D4F2AB2831E212003B7048 /* HeaderTitleView.swift in Sources */ = {isa = PBXBuildFile; fileRef = 90D4F2AA2831E212003B7048 /* HeaderTitleView.swift */; };
		90D4F2AD2831E2D6003B7048 /* GetStartedButtonView.swift in Sources */ = {isa = PBXBuildFile; fileRef = 90D4F2AC2831E2D6003B7048 /* GetStartedButtonView.swift */; };
		90D4F2AF2831E38F003B7048 /* HeaderIllustrationView.swift in Sources */ = {isa = PBXBuildFile; fileRef = 90D4F2AE2831E38F003B7048 /* HeaderIllustrationView.swift */; };
		90D4F2B12831E427003B7048 /* TopNavigationView.swift in Sources */ = {isa = PBXBuildFile; fileRef = 90D4F2B02831E427003B7048 /* TopNavigationView.swift */; };
		90D4F2B32831E449003B7048 /* TryButtonView.swift in Sources */ = {isa = PBXBuildFile; fileRef = 90D4F2B22831E449003B7048 /* TryButtonView.swift */; };
		90D4F2B52831E5AA003B7048 /* Feature.swift in Sources */ = {isa = PBXBuildFile; fileRef = 90D4F2B42831E5AA003B7048 /* Feature.swift */; };
		90D4F2B72831E680003B7048 /* FeatureStorage.swift in Sources */ = {isa = PBXBuildFile; fileRef = 90D4F2B62831E680003B7048 /* FeatureStorage.swift */; };
/* End PBXBuildFile section */

/* Begin PBXFileReference section */
		90D4F2832831DEF5003B7048 /* HuddleLandingPageWithAlternatingFeatureBlocksApp.swift */ = {isa = PBXFileReference; lastKnownFileType = sourcecode.swift; path = HuddleLandingPageWithAlternatingFeatureBlocksApp.swift; sourceTree = "<group>"; };
		90D4F2842831DEF5003B7048 /* ContentView.swift */ = {isa = PBXFileReference; lastKnownFileType = sourcecode.swift; path = ContentView.swift; sourceTree = "<group>"; };
		90D4F2852831DEF6003B7048 /* Assets.xcassets */ = {isa = PBXFileReference; lastKnownFileType = folder.assetcatalog; path = Assets.xcassets; sourceTree = "<group>"; };
		90D4F28A2831DEF6003B7048 /* Huddle Landing Page With Alternating Feature Blocks.app */ = {isa = PBXFileReference; explicitFileType = wrapper.application; includeInIndex = 0; path = "Huddle Landing Page With Alternating Feature Blocks.app"; sourceTree = BUILT_PRODUCTS_DIR; };
		90D4F2902831DEF6003B7048 /* Huddle Landing Page With Alternating Feature Blocks.app */ = {isa = PBXFileReference; explicitFileType = wrapper.application; includeInIndex = 0; path = "Huddle Landing Page With Alternating Feature Blocks.app"; sourceTree = BUILT_PRODUCTS_DIR; };
		90D4F2922831DEF6003B7048 /* macOS.entitlements */ = {isa = PBXFileReference; lastKnownFileType = text.plist.entitlements; path = macOS.entitlements; sourceTree = "<group>"; };
		90D4F2A42831E159003B7048 /* HeaderView.swift */ = {isa = PBXFileReference; lastKnownFileType = sourcecode.swift; path = HeaderView.swift; sourceTree = "<group>"; };
		90D4F2A62831E16A003B7048 /* HeaderBackgroundView.swift */ = {isa = PBXFileReference; lastKnownFileType = sourcecode.swift; path = HeaderBackgroundView.swift; sourceTree = "<group>"; };
		90D4F2A82831E1FE003B7048 /* HeaderContentView.swift */ = {isa = PBXFileReference; lastKnownFileType = sourcecode.swift; path = HeaderContentView.swift; sourceTree = "<group>"; };
		90D4F2AA2831E212003B7048 /* HeaderTitleView.swift */ = {isa = PBXFileReference; lastKnownFileType = sourcecode.swift; path = HeaderTitleView.swift; sourceTree = "<group>"; };
		90D4F2AC2831E2D6003B7048 /* GetStartedButtonView.swift */ = {isa = PBXFileReference; lastKnownFileType = sourcecode.swift; path = GetStartedButtonView.swift; sourceTree = "<group>"; };
		90D4F2AE2831E38F003B7048 /* HeaderIllustrationView.swift */ = {isa = PBXFileReference; lastKnownFileType = sourcecode.swift; path = HeaderIllustrationView.swift; sourceTree = "<group>"; };
		90D4F2B02831E427003B7048 /* TopNavigationView.swift */ = {isa = PBXFileReference; lastKnownFileType = sourcecode.swift; path = TopNavigationView.swift; sourceTree = "<group>"; };
		90D4F2B22831E449003B7048 /* TryButtonView.swift */ = {isa = PBXFileReference; lastKnownFileType = sourcecode.swift; path = TryButtonView.swift; sourceTree = "<group>"; };
		90D4F2B42831E5AA003B7048 /* Feature.swift */ = {isa = PBXFileReference; lastKnownFileType = sourcecode.swift; path = Feature.swift; sourceTree = "<group>"; };
		90D4F2B62831E680003B7048 /* FeatureStorage.swift */ = {isa = PBXFileReference; lastKnownFileType = sourcecode.swift; path = FeatureStorage.swift; sourceTree = "<group>"; };
/* End PBXFileReference section */

/* Begin PBXFrameworksBuildPhase section */
		90D4F2872831DEF6003B7048 /* Frameworks */ = {
			isa = PBXFrameworksBuildPhase;
			buildActionMask = 2147483647;
			files = (
			);
			runOnlyForDeploymentPostprocessing = 0;
		};
		90D4F28D2831DEF6003B7048 /* Frameworks */ = {
			isa = PBXFrameworksBuildPhase;
			buildActionMask = 2147483647;
			files = (
			);
			runOnlyForDeploymentPostprocessing = 0;
		};
/* End PBXFrameworksBuildPhase section */

/* Begin PBXGroup section */
		90D4F27D2831DEF5003B7048 = {
			isa = PBXGroup;
			children = (
				90D4F2822831DEF5003B7048 /* Shared */,
				90D4F2912831DEF6003B7048 /* macOS */,
				90D4F28B2831DEF6003B7048 /* Products */,
			);
			sourceTree = "<group>";
		};
		90D4F2822831DEF5003B7048 /* Shared */ = {
			isa = PBXGroup;
			children = (
				90D4F2A32831DF1F003B7048 /* Models */,
				90D4F2A22831DF19003B7048 /* Views */,
				90D4F2A12831DF10003B7048 /* App */,
			);
			path = Shared;
			sourceTree = "<group>";
		};
		90D4F28B2831DEF6003B7048 /* Products */ = {
			isa = PBXGroup;
			children = (
				90D4F28A2831DEF6003B7048 /* Huddle Landing Page With Alternating Feature Blocks.app */,
				90D4F2902831DEF6003B7048 /* Huddle Landing Page With Alternating Feature Blocks.app */,
			);
			name = Products;
			sourceTree = "<group>";
		};
		90D4F2912831DEF6003B7048 /* macOS */ = {
			isa = PBXGroup;
			children = (
				90D4F2922831DEF6003B7048 /* macOS.entitlements */,
			);
			path = macOS;
			sourceTree = "<group>";
		};
		90D4F2A12831DF10003B7048 /* App */ = {
			isa = PBXGroup;
			children = (
				90D4F2832831DEF5003B7048 /* HuddleLandingPageWithAlternatingFeatureBlocksApp.swift */,
				90D4F2852831DEF6003B7048 /* Assets.xcassets */,
			);
			path = App;
			sourceTree = "<group>";
		};
		90D4F2A22831DF19003B7048 /* Views */ = {
			isa = PBXGroup;
			children = (
				90D4F2842831DEF5003B7048 /* ContentView.swift */,
				90D4F2A42831E159003B7048 /* HeaderView.swift */,
				90D4F2A62831E16A003B7048 /* HeaderBackgroundView.swift */,
				90D4F2A82831E1FE003B7048 /* HeaderContentView.swift */,
				90D4F2AA2831E212003B7048 /* HeaderTitleView.swift */,
				90D4F2AC2831E2D6003B7048 /* GetStartedButtonView.swift */,
				90D4F2AE2831E38F003B7048 /* HeaderIllustrationView.swift */,
				90D4F2B02831E427003B7048 /* TopNavigationView.swift */,
				90D4F2B22831E449003B7048 /* TryButtonView.swift */,
			);
			path = Views;
			sourceTree = "<group>";
		};
		90D4F2A32831DF1F003B7048 /* Models */ = {
			isa = PBXGroup;
			children = (
				90D4F2B42831E5AA003B7048 /* Feature.swift */,
				90D4F2B62831E680003B7048 /* FeatureStorage.swift */,
			);
			path = Models;
			sourceTree = "<group>";
		};
/* End PBXGroup section */

/* Begin PBXNativeTarget section */
		90D4F2892831DEF6003B7048 /* Huddle Landing Page With Alternating Feature Blocks (iOS) */ = {
			isa = PBXNativeTarget;
			buildConfigurationList = 90D4F29B2831DEF6003B7048 /* Build configuration list for PBXNativeTarget "Huddle Landing Page With Alternating Feature Blocks (iOS)" */;
			buildPhases = (
				90D4F2862831DEF6003B7048 /* Sources */,
				90D4F2872831DEF6003B7048 /* Frameworks */,
				90D4F2882831DEF6003B7048 /* Resources */,
			);
			buildRules = (
			);
			dependencies = (
			);
			name = "Huddle Landing Page With Alternating Feature Blocks (iOS)";
			productName = "HuddleLandingPageWithAlternatingFeatureBlocks (iOS)";
			productReference = 90D4F28A2831DEF6003B7048 /* Huddle Landing Page With Alternating Feature Blocks.app */;
			productType = "com.apple.product-type.application";
		};
		90D4F28F2831DEF6003B7048 /* Huddle Landing Page With Alternating Feature Blocks (macOS) */ = {
			isa = PBXNativeTarget;
			buildConfigurationList = 90D4F29E2831DEF6003B7048 /* Build configuration list for PBXNativeTarget "Huddle Landing Page With Alternating Feature Blocks (macOS)" */;
			buildPhases = (
				90D4F28C2831DEF6003B7048 /* Sources */,
				90D4F28D2831DEF6003B7048 /* Frameworks */,
				90D4F28E2831DEF6003B7048 /* Resources */,
			);
			buildRules = (
			);
			dependencies = (
			);
			name = "Huddle Landing Page With Alternating Feature Blocks (macOS)";
			productName = "HuddleLandingPageWithAlternatingFeatureBlocks (macOS)";
			productReference = 90D4F2902831DEF6003B7048 /* Huddle Landing Page With Alternating Feature Blocks.app */;
			productType = "com.apple.product-type.application";
		};
/* End PBXNativeTarget section */

/* Begin PBXProject section */
		90D4F27E2831DEF5003B7048 /* Project object */ = {
			isa = PBXProject;
			attributes = {
				BuildIndependentTargetsInParallel = 1;
				LastSwiftUpdateCheck = 1330;
				LastUpgradeCheck = 1330;
				TargetAttributes = {
					90D4F2892831DEF6003B7048 = {
						CreatedOnToolsVersion = 13.3.1;
					};
					90D4F28F2831DEF6003B7048 = {
						CreatedOnToolsVersion = 13.3.1;
					};
				};
			};
			buildConfigurationList = 90D4F2812831DEF5003B7048 /* Build configuration list for PBXProject "Huddle Landing Page With Alternating Feature Blocks" */;
			compatibilityVersion = "Xcode 13.0";
			developmentRegion = en;
			hasScannedForEncodings = 0;
			knownRegions = (
				en,
				Base,
			);
			mainGroup = 90D4F27D2831DEF5003B7048;
			productRefGroup = 90D4F28B2831DEF6003B7048 /* Products */;
			projectDirPath = "";
			projectRoot = "";
			targets = (
				90D4F2892831DEF6003B7048 /* Huddle Landing Page With Alternating Feature Blocks (iOS) */,
				90D4F28F2831DEF6003B7048 /* Huddle Landing Page With Alternating Feature Blocks (macOS) */,
			);
		};
/* End PBXProject section */

/* Begin PBXResourcesBuildPhase section */
		90D4F2882831DEF6003B7048 /* Resources */ = {
			isa = PBXResourcesBuildPhase;
			buildActionMask = 2147483647;
			files = (
				90D4F2972831DEF6003B7048 /* Assets.xcassets in Resources */,
			);
			runOnlyForDeploymentPostprocessing = 0;
		};
		90D4F28E2831DEF6003B7048 /* Resources */ = {
			isa = PBXResourcesBuildPhase;
			buildActionMask = 2147483647;
			files = (
				90D4F2982831DEF6003B7048 /* Assets.xcassets in Resources */,
			);
			runOnlyForDeploymentPostprocessing = 0;
		};
/* End PBXResourcesBuildPhase section */

/* Begin PBXSourcesBuildPhase section */
		90D4F2862831DEF6003B7048 /* Sources */ = {
			isa = PBXSourcesBuildPhase;
			buildActionMask = 2147483647;
			files = (
				90D4F2B72831E680003B7048 /* FeatureStorage.swift in Sources */,
				90D4F2952831DEF6003B7048 /* ContentView.swift in Sources */,
				90D4F2A72831E16A003B7048 /* HeaderBackgroundView.swift in Sources */,
				90D4F2B12831E427003B7048 /* TopNavigationView.swift in Sources */,
				90D4F2AB2831E212003B7048 /* HeaderTitleView.swift in Sources */,
				90D4F2B32831E449003B7048 /* TryButtonView.swift in Sources */,
				90D4F2B52831E5AA003B7048 /* Feature.swift in Sources */,
				90D4F2AD2831E2D6003B7048 /* GetStartedButtonView.swift in Sources */,
				90D4F2A52831E159003B7048 /* HeaderView.swift in Sources */,
				90D4F2AF2831E38F003B7048 /* HeaderIllustrationView.swift in Sources */,
				90D4F2932831DEF6003B7048 /* HuddleLandingPageWithAlternatingFeatureBlocksApp.swift in Sources */,
				90D4F2A92831E1FE003B7048 /* HeaderContentView.swift in Sources */,
			);
			runOnlyForDeploymentPostprocessing = 0;
		};
		90D4F28C2831DEF6003B7048 /* Sources */ = {
			isa = PBXSourcesBuildPhase;
			buildActionMask = 2147483647;
			files = (
				90D4F2962831DEF6003B7048 /* ContentView.swift in Sources */,
				90D4F2942831DEF6003B7048 /* HuddleLandingPageWithAlternatingFeatureBlocksApp.swift in Sources */,
			);
			runOnlyForDeploymentPostprocessing = 0;
		};
/* End PBXSourcesBuildPhase section */

/* Begin XCBuildConfiguration section */
		90D4F2992831DEF6003B7048 /* Debug */ = {
			isa = XCBuildConfiguration;
			buildSettings = {
				ALWAYS_SEARCH_USER_PATHS = NO;
				CLANG_ANALYZER_NONNULL = YES;
				CLANG_ANALYZER_NUMBER_OBJECT_CONVERSION = YES_AGGRESSIVE;
				CLANG_CXX_LANGUAGE_STANDARD = "gnu++17";
				CLANG_ENABLE_MODULES = YES;
				CLANG_ENABLE_OBJC_ARC = YES;
				CLANG_ENABLE_OBJC_WEAK = YES;
				CLANG_WARN_BLOCK_CAPTURE_AUTORELEASING = YES;
				CLANG_WARN_BOOL_CONVERSION = YES;
				CLANG_WARN_COMMA = YES;
				CLANG_WARN_CONSTANT_CONVERSION = YES;
				CLANG_WARN_DEPRECATED_OBJC_IMPLEMENTATIONS = YES;
				CLANG_WARN_DIRECT_OBJC_ISA_USAGE = YES_ERROR;
				CLANG_WARN_DOCUMENTATION_COMMENTS = YES;
				CLANG_WARN_EMPTY_BODY = YES;
				CLANG_WARN_ENUM_CONVERSION = YES;
				CLANG_WARN_INFINITE_RECURSION = YES;
				CLANG_WARN_INT_CONVERSION = YES;
				CLANG_WARN_NON_LITERAL_NULL_CONVERSION = YES;
				CLANG_WARN_OBJC_IMPLICIT_RETAIN_SELF = YES;
				CLANG_WARN_OBJC_LITERAL_CONVERSION = YES;
				CLANG_WARN_OBJC_ROOT_CLASS = YES_ERROR;
				CLANG_WARN_QUOTED_INCLUDE_IN_FRAMEWORK_HEADER = YES;
				CLANG_WARN_RANGE_LOOP_ANALYSIS = YES;
				CLANG_WARN_STRICT_PROTOTYPES = YES;
				CLANG_WARN_SUSPICIOUS_MOVE = YES;
				CLANG_WARN_UNGUARDED_AVAILABILITY = YES_AGGRESSIVE;
				CLANG_WARN_UNREACHABLE_CODE = YES;
				CLANG_WARN__DUPLICATE_METHOD_MATCH = YES;
				COPY_PHASE_STRIP = NO;
				DEBUG_INFORMATION_FORMAT = dwarf;
				ENABLE_STRICT_OBJC_MSGSEND = YES;
				ENABLE_TESTABILITY = YES;
				GCC_C_LANGUAGE_STANDARD = gnu11;
				GCC_DYNAMIC_NO_PIC = NO;
				GCC_NO_COMMON_BLOCKS = YES;
				GCC_OPTIMIZATION_LEVEL = 0;
				GCC_PREPROCESSOR_DEFINITIONS = (
					"DEBUG=1",
					"$(inherited)",
				);
				GCC_WARN_64_TO_32_BIT_CONVERSION = YES;
				GCC_WARN_ABOUT_RETURN_TYPE = YES_ERROR;
				GCC_WARN_UNDECLARED_SELECTOR = YES;
				GCC_WARN_UNINITIALIZED_AUTOS = YES_AGGRESSIVE;
				GCC_WARN_UNUSED_FUNCTION = YES;
				GCC_WARN_UNUSED_VARIABLE = YES;
				IPHONEOS_DEPLOYMENT_TARGET = 15.4;
				MACOSX_DEPLOYMENT_TARGET = 12.3;
				MTL_ENABLE_DEBUG_INFO = INCLUDE_SOURCE;
				MTL_FAST_MATH = YES;
				ONLY_ACTIVE_ARCH = YES;
				SWIFT_ACTIVE_COMPILATION_CONDITIONS = DEBUG;
				SWIFT_OPTIMIZATION_LEVEL = "-Onone";
			};
			name = Debug;
		};
		90D4F29A2831DEF6003B7048 /* Release */ = {
			isa = XCBuildConfiguration;
			buildSettings = {
				ALWAYS_SEARCH_USER_PATHS = NO;
				CLANG_ANALYZER_NONNULL = YES;
				CLANG_ANALYZER_NUMBER_OBJECT_CONVERSION = YES_AGGRESSIVE;
				CLANG_CXX_LANGUAGE_STANDARD = "gnu++17";
				CLANG_ENABLE_MODULES = YES;
				CLANG_ENABLE_OBJC_ARC = YES;
				CLANG_ENABLE_OBJC_WEAK = YES;
				CLANG_WARN_BLOCK_CAPTURE_AUTORELEASING = YES;
				CLANG_WARN_BOOL_CONVERSION = YES;
				CLANG_WARN_COMMA = YES;
				CLANG_WARN_CONSTANT_CONVERSION = YES;
				CLANG_WARN_DEPRECATED_OBJC_IMPLEMENTATIONS = YES;
				CLANG_WARN_DIRECT_OBJC_ISA_USAGE = YES_ERROR;
				CLANG_WARN_DOCUMENTATION_COMMENTS = YES;
				CLANG_WARN_EMPTY_BODY = YES;
				CLANG_WARN_ENUM_CONVERSION = YES;
				CLANG_WARN_INFINITE_RECURSION = YES;
				CLANG_WARN_INT_CONVERSION = YES;
				CLANG_WARN_NON_LITERAL_NULL_CONVERSION = YES;
				CLANG_WARN_OBJC_IMPLICIT_RETAIN_SELF = YES;
				CLANG_WARN_OBJC_LITERAL_CONVERSION = YES;
				CLANG_WARN_OBJC_ROOT_CLASS = YES_ERROR;
				CLANG_WARN_QUOTED_INCLUDE_IN_FRAMEWORK_HEADER = YES;
				CLANG_WARN_RANGE_LOOP_ANALYSIS = YES;
				CLANG_WARN_STRICT_PROTOTYPES = YES;
				CLANG_WARN_SUSPICIOUS_MOVE = YES;
				CLANG_WARN_UNGUARDED_AVAILABILITY = YES_AGGRESSIVE;
				CLANG_WARN_UNREACHABLE_CODE = YES;
				CLANG_WARN__DUPLICATE_METHOD_MATCH = YES;
				COPY_PHASE_STRIP = NO;
				DEBUG_INFORMATION_FORMAT = "dwarf-with-dsym";
				ENABLE_NS_ASSERTIONS = NO;
				ENABLE_STRICT_OBJC_MSGSEND = YES;
				GCC_C_LANGUAGE_STANDARD = gnu11;
				GCC_NO_COMMON_BLOCKS = YES;
				GCC_WARN_64_TO_32_BIT_CONVERSION = YES;
				GCC_WARN_ABOUT_RETURN_TYPE = YES_ERROR;
				GCC_WARN_UNDECLARED_SELECTOR = YES;
				GCC_WARN_UNINITIALIZED_AUTOS = YES_AGGRESSIVE;
				GCC_WARN_UNUSED_FUNCTION = YES;
				GCC_WARN_UNUSED_VARIABLE = YES;
				IPHONEOS_DEPLOYMENT_TARGET = 15.4;
				MACOSX_DEPLOYMENT_TARGET = 12.3;
				MTL_ENABLE_DEBUG_INFO = NO;
				MTL_FAST_MATH = YES;
				SWIFT_COMPILATION_MODE = wholemodule;
				SWIFT_OPTIMIZATION_LEVEL = "-O";
			};
			name = Release;
		};
		90D4F29C2831DEF6003B7048 /* Debug */ = {
			isa = XCBuildConfiguration;
			buildSettings = {
				ASSETCATALOG_COMPILER_APPICON_NAME = AppIcon;
				ASSETCATALOG_COMPILER_GLOBAL_ACCENT_COLOR_NAME = AccentColor;
				CODE_SIGN_STYLE = Automatic;
				CURRENT_PROJECT_VERSION = 1;
				DEVELOPMENT_TEAM = 862P2X6G9G;
				ENABLE_PREVIEWS = YES;
				GENERATE_INFOPLIST_FILE = YES;
				INFOPLIST_KEY_UIApplicationSceneManifest_Generation = YES;
				INFOPLIST_KEY_UIApplicationSupportsIndirectInputEvents = YES;
				INFOPLIST_KEY_UILaunchScreen_Generation = YES;
				INFOPLIST_KEY_UISupportedInterfaceOrientations_iPad = "UIInterfaceOrientationPortrait UIInterfaceOrientationPortraitUpsideDown UIInterfaceOrientationLandscapeLeft UIInterfaceOrientationLandscapeRight";
				INFOPLIST_KEY_UISupportedInterfaceOrientations_iPhone = "UIInterfaceOrientationPortrait UIInterfaceOrientationLandscapeLeft UIInterfaceOrientationLandscapeRight";
				IPHONEOS_DEPLOYMENT_TARGET = 15.4;
				LD_RUNPATH_SEARCH_PATHS = (
					"$(inherited)",
					"@executable_path/Frameworks",
				);
				MARKETING_VERSION = 1.0;
				PRODUCT_BUNDLE_IDENTIFIER = me.jinwook.kim.HuddleLandingPageWithAlternatingFeatureBlocks;
				PRODUCT_NAME = "Huddle Landing Page With Alternating Feature Blocks";
				SDKROOT = iphoneos;
				SWIFT_EMIT_LOC_STRINGS = YES;
				SWIFT_VERSION = 5.0;
				TARGETED_DEVICE_FAMILY = "1,2";
			};
			name = Debug;
		};
		90D4F29D2831DEF6003B7048 /* Release */ = {
			isa = XCBuildConfiguration;
			buildSettings = {
				ASSETCATALOG_COMPILER_APPICON_NAME = AppIcon;
				ASSETCATALOG_COMPILER_GLOBAL_ACCENT_COLOR_NAME = AccentColor;
				CODE_SIGN_STYLE = Automatic;
				CURRENT_PROJECT_VERSION = 1;
				DEVELOPMENT_TEAM = 862P2X6G9G;
				ENABLE_PREVIEWS = YES;
				GENERATE_INFOPLIST_FILE = YES;
				INFOPLIST_KEY_UIApplicationSceneManifest_Generation = YES;
				INFOPLIST_KEY_UIApplicationSupportsIndirectInputEvents = YES;
				INFOPLIST_KEY_UILaunchScreen_Generation = YES;
				INFOPLIST_KEY_UISupportedInterfaceOrientations_iPad = "UIInterfaceOrientationPortrait UIInterfaceOrientationPortraitUpsideDown UIInterfaceOrientationLandscapeLeft UIInterfaceOrientationLandscapeRight";
				INFOPLIST_KEY_UISupportedInterfaceOrientations_iPhone = "UIInterfaceOrientationPortrait UIInterfaceOrientationLandscapeLeft UIInterfaceOrientationLandscapeRight";
				IPHONEOS_DEPLOYMENT_TARGET = 15.4;
				LD_RUNPATH_SEARCH_PATHS = (
					"$(inherited)",
					"@executable_path/Frameworks",
				);
				MARKETING_VERSION = 1.0;
				PRODUCT_BUNDLE_IDENTIFIER = me.jinwook.kim.HuddleLandingPageWithAlternatingFeatureBlocks;
				PRODUCT_NAME = "Huddle Landing Page With Alternating Feature Blocks";
				SDKROOT = iphoneos;
				SWIFT_EMIT_LOC_STRINGS = YES;
				SWIFT_VERSION = 5.0;
				TARGETED_DEVICE_FAMILY = "1,2";
				VALIDATE_PRODUCT = YES;
			};
			name = Release;
		};
		90D4F29F2831DEF6003B7048 /* Debug */ = {
			isa = XCBuildConfiguration;
			buildSettings = {
				ASSETCATALOG_COMPILER_APPICON_NAME = AppIcon;
				ASSETCATALOG_COMPILER_GLOBAL_ACCENT_COLOR_NAME = AccentColor;
				CODE_SIGN_ENTITLEMENTS = macOS/macOS.entitlements;
				CODE_SIGN_STYLE = Automatic;
				COMBINE_HIDPI_IMAGES = YES;
				CURRENT_PROJECT_VERSION = 1;
				DEVELOPMENT_TEAM = 862P2X6G9G;
				ENABLE_HARDENED_RUNTIME = YES;
				ENABLE_PREVIEWS = YES;
				GENERATE_INFOPLIST_FILE = YES;
				INFOPLIST_KEY_NSHumanReadableCopyright = "";
				LD_RUNPATH_SEARCH_PATHS = (
					"$(inherited)",
					"@executable_path/../Frameworks",
				);
				MACOSX_DEPLOYMENT_TARGET = 12.3;
				MARKETING_VERSION = 1.0;
				PRODUCT_BUNDLE_IDENTIFIER = me.jinwook.kim.HuddleLandingPageWithAlternatingFeatureBlocks;
				PRODUCT_NAME = "Huddle Landing Page With Alternating Feature Blocks";
				SDKROOT = macosx;
				SWIFT_EMIT_LOC_STRINGS = YES;
				SWIFT_VERSION = 5.0;
			};
			name = Debug;
		};
		90D4F2A02831DEF6003B7048 /* Release */ = {
			isa = XCBuildConfiguration;
			buildSettings = {
				ASSETCATALOG_COMPILER_APPICON_NAME = AppIcon;
				ASSETCATALOG_COMPILER_GLOBAL_ACCENT_COLOR_NAME = AccentColor;
				CODE_SIGN_ENTITLEMENTS = macOS/macOS.entitlements;
				CODE_SIGN_STYLE = Automatic;
				COMBINE_HIDPI_IMAGES = YES;
				CURRENT_PROJECT_VERSION = 1;
				DEVELOPMENT_TEAM = 862P2X6G9G;
				ENABLE_HARDENED_RUNTIME = YES;
				ENABLE_PREVIEWS = YES;
				GENERATE_INFOPLIST_FILE = YES;
				INFOPLIST_KEY_NSHumanReadableCopyright = "";
				LD_RUNPATH_SEARCH_PATHS = (
					"$(inherited)",
					"@executable_path/../Frameworks",
				);
				MACOSX_DEPLOYMENT_TARGET = 12.3;
				MARKETING_VERSION = 1.0;
				PRODUCT_BUNDLE_IDENTIFIER = me.jinwook.kim.HuddleLandingPageWithAlternatingFeatureBlocks;
				PRODUCT_NAME = "Huddle Landing Page With Alternating Feature Blocks";
				SDKROOT = macosx;
				SWIFT_EMIT_LOC_STRINGS = YES;
				SWIFT_VERSION = 5.0;
			};
			name = Release;
		};
/* End XCBuildConfiguration section */

/* Begin XCConfigurationList section */
		90D4F2812831DEF5003B7048 /* Build configuration list for PBXProject "Huddle Landing Page With Alternating Feature Blocks" */ = {
			isa = XCConfigurationList;
			buildConfigurations = (
				90D4F2992831DEF6003B7048 /* Debug */,
				90D4F29A2831DEF6003B7048 /* Release */,
			);
			defaultConfigurationIsVisible = 0;
			defaultConfigurationName = Release;
		};
		90D4F29B2831DEF6003B7048 /* Build configuration list for PBXNativeTarget "Huddle Landing Page With Alternating Feature Blocks (iOS)" */ = {
			isa = XCConfigurationList;
			buildConfigurations = (
				90D4F29C2831DEF6003B7048 /* Debug */,
				90D4F29D2831DEF6003B7048 /* Release */,
			);
			defaultConfigurationIsVisible = 0;
			defaultConfigurationName = Release;
		};
		90D4F29E2831DEF6003B7048 /* Build configuration list for PBXNativeTarget "Huddle Landing Page With Alternating Feature Blocks (macOS)" */ = {
			isa = XCConfigurationList;
			buildConfigurations = (
				90D4F29F2831DEF6003B7048 /* Debug */,
				90D4F2A02831DEF6003B7048 /* Release */,
			);
			defaultConfigurationIsVisible = 0;
			defaultConfigurationName = Release;
		};
/* End XCConfigurationList section */
	};
	rootObject = 90D4F27E2831DEF5003B7048 /* Project object */;
}
